
Microsoft Visual Studio Solution File, Format Version 12.00
# Visual Studio 15
VisualStudioVersion = 15.0.26823.1
MinimumVisualStudioVersion = 10.0.40219.1
Project("{2150E333-8FDC-42A3-9474-1A3956D46DE8}") = "Solution Items", "Solution Items", "{8321EBC4-1AE2-4D84-887A-D3116618E45A}"
	ProjectSection(SolutionItems) = preProject
		..\תיק פרויקט.docx = ..\תיק פרויקט.docx
	EndProjectSection
EndProject
Global
	GlobalSection(SolutionProperties) = preSolution
		HideSolutionNode = FALSE
	EndGlobalSection
	GlobalSection(ExtensibilityGlobals) = postSolution
		SolutionGuid = {40B83327-1390-4C1A-A8A2-07E4D1F9086F}
	EndGlobalSection
EndGlobal
